// !$*UTF8*$!
{
	archiveVersion = 1;
	classes = {
	};
	objectVersion = 56;
	objects = {

/* Begin PBXBuildFile section */
		B24BBD002CD831E800C8437E /* AddCapsuleView.swift in Sources */ = {isa = PBXBuildFile; fileRef = B24BBCFF2CD831E800C8437E /* AddCapsuleView.swift */; };
		B24BBD022CD8336100C8437E /* MyNewCapsuleView.swift in Sources */ = {isa = PBXBuildFile; fileRef = B24BBD012CD8336100C8437E /* MyNewCapsuleView.swift */; };
		B24BBD042CD834DC00C8437E /* ProfileView.swift in Sources */ = {isa = PBXBuildFile; fileRef = B24BBD032CD834DC00C8437E /* ProfileView.swift */; };
		B24BBD062CD834ED00C8437E /* FriendsView.swift in Sources */ = {isa = PBXBuildFile; fileRef = B24BBD052CD834ED00C8437E /* FriendsView.swift */; };
		B24BBD082CD834F800C8437E /* NotificationsView.swift in Sources */ = {isa = PBXBuildFile; fileRef = B24BBD072CD834F800C8437E /* NotificationsView.swift */; };
		B2931DA42CC5A65B006A29D2 /* Memory_VaultApp.swift in Sources */ = {isa = PBXBuildFile; fileRef = B2931DA32CC5A65B006A29D2 /* Memory_VaultApp.swift */; };
		B2931DA62CC5A65B006A29D2 /* ContentView.swift in Sources */ = {isa = PBXBuildFile; fileRef = B2931DA52CC5A65B006A29D2 /* ContentView.swift */; };
		B2931DA82CC5A65E006A29D2 /* Assets.xcassets in Resources */ = {isa = PBXBuildFile; fileRef = B2931DA72CC5A65E006A29D2 /* Assets.xcassets */; };
		B2931DAC2CC5A65E006A29D2 /* Preview Assets.xcassets in Resources */ = {isa = PBXBuildFile; fileRef = B2931DAB2CC5A65E006A29D2 /* Preview Assets.xcassets */; };
/* End PBXBuildFile section */

/* Begin PBXFileReference section */
		B24BBCFF2CD831E800C8437E /* AddCapsuleView.swift */ = {isa = PBXFileReference; lastKnownFileType = sourcecode.swift; path = AddCapsuleView.swift; sourceTree = SOURCE_ROOT; };
		B24BBD012CD8336100C8437E /* MyNewCapsuleView.swift */ = {isa = PBXFileReference; lastKnownFileType = sourcecode.swift; path = MyNewCapsuleView.swift; sourceTree = "<group>"; };
		B24BBD032CD834DC00C8437E /* ProfileView.swift */ = {isa = PBXFileReference; lastKnownFileType = sourcecode.swift; path = ProfileView.swift; sourceTree = "<group>"; };
		B24BBD052CD834ED00C8437E /* FriendsView.swift */ = {isa = PBXFileReference; lastKnownFileType = sourcecode.swift; path = FriendsView.swift; sourceTree = "<group>"; };
		B24BBD072CD834F800C8437E /* NotificationsView.swift */ = {isa = PBXFileReference; lastKnownFileType = sourcecode.swift; path = NotificationsView.swift; sourceTree = "<group>"; };
		B2931DA02CC5A65B006A29D2 /* Memory Vault.app */ = {isa = PBXFileReference; explicitFileType = wrapper.application; includeInIndex = 0; path = "Memory Vault.app"; sourceTree = BUILT_PRODUCTS_DIR; };
		B2931DA32CC5A65B006A29D2 /* Memory_VaultApp.swift */ = {isa = PBXFileReference; lastKnownFileType = sourcecode.swift; path = Memory_VaultApp.swift; sourceTree = "<group>"; };
		B2931DA52CC5A65B006A29D2 /* ContentView.swift */ = {isa = PBXFileReference; lastKnownFileType = sourcecode.swift; path = ContentView.swift; sourceTree = "<group>"; };
		B2931DA72CC5A65E006A29D2 /* Assets.xcassets */ = {isa = PBXFileReference; lastKnownFileType = folder.assetcatalog; path = Assets.xcassets; sourceTree = "<group>"; };
		B2931DA92CC5A65E006A29D2 /* Memory_Vault.entitlements */ = {isa = PBXFileReference; lastKnownFileType = text.plist.entitlements; path = Memory_Vault.entitlements; sourceTree = "<group>"; };
		B2931DAB2CC5A65E006A29D2 /* Preview Assets.xcassets */ = {isa = PBXFileReference; lastKnownFileType = folder.assetcatalog; path = "Preview Assets.xcassets"; sourceTree = "<group>"; };
/* End PBXFileReference section */

/* Begin PBXFrameworksBuildPhase section */
		B2931D9D2CC5A65B006A29D2 /* Frameworks */ = {
			isa = PBXFrameworksBuildPhase;
			buildActionMask = 2147483647;
			files = (
			);
			runOnlyForDeploymentPostprocessing = 0;
		};
/* End PBXFrameworksBuildPhase section */

/* Begin PBXGroup section */
		B2931D972CC5A65B006A29D2 = {
			isa = PBXGroup;
			children = (
				B2931DA22CC5A65B006A29D2 /* Memory Vault */,
				B2931DA12CC5A65B006A29D2 /* Products */,
			);
			sourceTree = "<group>";
		};
		B2931DA12CC5A65B006A29D2 /* Products */ = {
			isa = PBXGroup;
			children = (
				B2931DA02CC5A65B006A29D2 /* Memory Vault.app */,
			);
			name = Products;
			sourceTree = "<group>";
		};
		B2931DA22CC5A65B006A29D2 /* Memory Vault */ = {
			isa = PBXGroup;
			children = (
				B2931DA32CC5A65B006A29D2 /* Memory_VaultApp.swift */,
				B2931DA52CC5A65B006A29D2 /* ContentView.swift */,
				B2931DA72CC5A65E006A29D2 /* Assets.xcassets */,
				B2931DA92CC5A65E006A29D2 /* Memory_Vault.entitlements */,
				B2931DAA2CC5A65E006A29D2 /* Preview Content */,
				B24BBCFF2CD831E800C8437E /* AddCapsuleView.swift */,
				B24BBD012CD8336100C8437E /* MyNewCapsuleView.swift */,
				B24BBD032CD834DC00C8437E /* ProfileView.swift */,
				B24BBD052CD834ED00C8437E /* FriendsView.swift */,
				B24BBD072CD834F800C8437E /* NotificationsView.swift */,
			);
			path = "Memory Vault";
			sourceTree = "<group>";
		};
		B2931DAA2CC5A65E006A29D2 /* Preview Content */ = {
			isa = PBXGroup;
			children = (
				B2931DAB2CC5A65E006A29D2 /* Preview Assets.xcassets */,
			);
			path = "Preview Content";
			sourceTree = "<group>";
		};
/* End PBXGroup section */

/* Begin PBXNativeTarget section */
		B2931D9F2CC5A65B006A29D2 /* Memory Vault */ = {
			isa = PBXNativeTarget;
			buildConfigurationList = B2931DAF2CC5A65E006A29D2 /* Build configuration list for PBXNativeTarget "Memory Vault" */;
			buildPhases = (
				B2931D9C2CC5A65B006A29D2 /* Sources */,
				B2931D9D2CC5A65B006A29D2 /* Frameworks */,
				B2931D9E2CC5A65B006A29D2 /* Resources */,
			);
			buildRules = (
			);
			dependencies = (
			);
			name = "Memory Vault";
			productName = "Memory Vault";
			productReference = B2931DA02CC5A65B006A29D2 /* Memory Vault.app */;
			productType = "com.apple.product-type.application";
		};
/* End PBXNativeTarget section */

/* Begin PBXProject section */
		B2931D982CC5A65B006A29D2 /* Project object */ = {
			isa = PBXProject;
			attributes = {
				BuildIndependentTargetsInParallel = 1;
				LastSwiftUpdateCheck = 1420;
				LastUpgradeCheck = 1420;
				TargetAttributes = {
					B2931D9F2CC5A65B006A29D2 = {
						CreatedOnToolsVersion = 14.2;
					};
				};
			};
			buildConfigurationList = B2931D9B2CC5A65B006A29D2 /* Build configuration list for PBXProject "Memory Vault" */;
			compatibilityVersion = "Xcode 14.0";
			developmentRegion = en;
			hasScannedForEncodings = 0;
			knownRegions = (
				en,
				Base,
			);
			mainGroup = B2931D972CC5A65B006A29D2;
			productRefGroup = B2931DA12CC5A65B006A29D2 /* Products */;
			projectDirPath = "";
			projectRoot = "";
			targets = (
				B2931D9F2CC5A65B006A29D2 /* Memory Vault */,
			);
		};
/* End PBXProject section */

/* Begin PBXResourcesBuildPhase section */
		B2931D9E2CC5A65B006A29D2 /* Resources */ = {
			isa = PBXResourcesBuildPhase;
			buildActionMask = 2147483647;
			files = (
				B2931DAC2CC5A65E006A29D2 /* Preview Assets.xcassets in Resources */,
				B2931DA82CC5A65E006A29D2 /* Assets.xcassets in Resources */,
			);
			runOnlyForDeploymentPostprocessing = 0;
		};
/* End PBXResourcesBuildPhase section */

/* Begin PBXSourcesBuildPhase section */
		B2931D9C2CC5A65B006A29D2 /* Sources */ = {
			isa = PBXSourcesBuildPhase;
			buildActionMask = 2147483647;
			files = (
				B24BBD062CD834ED00C8437E /* FriendsView.swift in Sources */,
				B2931DA62CC5A65B006A29D2 /* ContentView.swift in Sources */,
				B24BBD022CD8336100C8437E /* MyNewCapsuleView.swift in Sources */,
				B24BBD042CD834DC00C8437E /* ProfileView.swift in Sources */,
				B2931DA42CC5A65B006A29D2 /* Memory_VaultApp.swift in Sources */,
				B24BBD002CD831E800C8437E /* AddCapsuleView.swift in Sources */,
				B24BBD082CD834F800C8437E /* NotificationsView.swift in Sources */,
			);
			runOnlyForDeploymentPostprocessing = 0;
		};
/* End PBXSourcesBuildPhase section */

/* Begin XCBuildConfiguration section */
		B2931DAD2CC5A65E006A29D2 /* Debug */ = {
			isa = XCBuildConfiguration;
			buildSettings = {
				ALWAYS_SEARCH_USER_PATHS = NO;
				CLANG_ANALYZER_NONNULL = YES;
				CLANG_ANALYZER_NUMBER_OBJECT_CONVERSION = YES_AGGRESSIVE;
				CLANG_CXX_LANGUAGE_STANDARD = "gnu++20";
				CLANG_ENABLE_MODULES = YES;
				CLANG_ENABLE_OBJC_ARC = YES;
				CLANG_ENABLE_OBJC_WEAK = YES;
				CLANG_WARN_BLOCK_CAPTURE_AUTORELEASING = YES;
				CLANG_WARN_BOOL_CONVERSION = YES;
				CLANG_WARN_COMMA = YES;
				CLANG_WARN_CONSTANT_CONVERSION = YES;
				CLANG_WARN_DEPRECATED_OBJC_IMPLEMENTATIONS = YES;
				CLANG_WARN_DIRECT_OBJC_ISA_USAGE = YES_ERROR;
				CLANG_WARN_DOCUMENTATION_COMMENTS = YES;
				CLANG_WARN_EMPTY_BODY = YES;
				CLANG_WARN_ENUM_CONVERSION = YES;
				CLANG_WARN_INFINITE_RECURSION = YES;
				CLANG_WARN_INT_CONVERSION = YES;
				CLANG_WARN_NON_LITERAL_NULL_CONVERSION = YES;
				CLANG_WARN_OBJC_IMPLICIT_RETAIN_SELF = YES;
				CLANG_WARN_OBJC_LITERAL_CONVERSION = YES;
				CLANG_WARN_OBJC_ROOT_CLASS = YES_ERROR;
				CLANG_WARN_QUOTED_INCLUDE_IN_FRAMEWORK_HEADER = YES;
				CLANG_WARN_RANGE_LOOP_ANALYSIS = YES;
				CLANG_WARN_STRICT_PROTOTYPES = YES;
				CLANG_WARN_SUSPICIOUS_MOVE = YES;
				CLANG_WARN_UNGUARDED_AVAILABILITY = YES_AGGRESSIVE;
				CLANG_WARN_UNREACHABLE_CODE = YES;
				CLANG_WARN__DUPLICATE_METHOD_MATCH = YES;
				COPY_PHASE_STRIP = NO;
				DEBUG_INFORMATION_FORMAT = dwarf;
				ENABLE_STRICT_OBJC_MSGSEND = YES;
				ENABLE_TESTABILITY = YES;
				GCC_C_LANGUAGE_STANDARD = gnu11;
				GCC_DYNAMIC_NO_PIC = NO;
				GCC_NO_COMMON_BLOCKS = YES;
				GCC_OPTIMIZATION_LEVEL = 0;
				GCC_PREPROCESSOR_DEFINITIONS = (
					"DEBUG=1",
					"$(inherited)",
				);
				GCC_WARN_64_TO_32_BIT_CONVERSION = YES;
				GCC_WARN_ABOUT_RETURN_TYPE = YES_ERROR;
				GCC_WARN_UNDECLARED_SELECTOR = YES;
				GCC_WARN_UNINITIALIZED_AUTOS = YES_AGGRESSIVE;
				GCC_WARN_UNUSED_FUNCTION = YES;
				GCC_WARN_UNUSED_VARIABLE = YES;
				MTL_ENABLE_DEBUG_INFO = INCLUDE_SOURCE;
				MTL_FAST_MATH = YES;
				ONLY_ACTIVE_ARCH = YES;
				SWIFT_ACTIVE_COMPILATION_CONDITIONS = DEBUG;
				SWIFT_OPTIMIZATION_LEVEL = "-Onone";
			};
			name = Debug;
		};
		B2931DAE2CC5A65E006A29D2 /* Release */ = {
			isa = XCBuildConfiguration;
			buildSettings = {
				ALWAYS_SEARCH_USER_PATHS = NO;
				CLANG_ANALYZER_NONNULL = YES;
				CLANG_ANALYZER_NUMBER_OBJECT_CONVERSION = YES_AGGRESSIVE;
				CLANG_CXX_LANGUAGE_STANDARD = "gnu++20";
				CLANG_ENABLE_MODULES = YES;
				CLANG_ENABLE_OBJC_ARC = YES;
				CLANG_ENABLE_OBJC_WEAK = YES;
				CLANG_WARN_BLOCK_CAPTURE_AUTORELEASING = YES;
				CLANG_WARN_BOOL_CONVERSION = YES;
				CLANG_WARN_COMMA = YES;
				CLANG_WARN_CONSTANT_CONVERSION = YES;
				CLANG_WARN_DEPRECATED_OBJC_IMPLEMENTATIONS = YES;
				CLANG_WARN_DIRECT_OBJC_ISA_USAGE = YES_ERROR;
				CLANG_WARN_DOCUMENTATION_COMMENTS = YES;
				CLANG_WARN_EMPTY_BODY = YES;
				CLANG_WARN_ENUM_CONVERSION = YES;
				CLANG_WARN_INFINITE_RECURSION = YES;
				CLANG_WARN_INT_CONVERSION = YES;
				CLANG_WARN_NON_LITERAL_NULL_CONVERSION = YES;
				CLANG_WARN_OBJC_IMPLICIT_RETAIN_SELF = YES;
				CLANG_WARN_OBJC_LITERAL_CONVERSION = YES;
				CLANG_WARN_OBJC_ROOT_CLASS = YES_ERROR;
				CLANG_WARN_QUOTED_INCLUDE_IN_FRAMEWORK_HEADER = YES;
				CLANG_WARN_RANGE_LOOP_ANALYSIS = YES;
				CLANG_WARN_STRICT_PROTOTYPES = YES;
				CLANG_WARN_SUSPICIOUS_MOVE = YES;
				CLANG_WARN_UNGUARDED_AVAILABILITY = YES_AGGRESSIVE;
				CLANG_WARN_UNREACHABLE_CODE = YES;
				CLANG_WARN__DUPLICATE_METHOD_MATCH = YES;
				COPY_PHASE_STRIP = NO;
				DEBUG_INFORMATION_FORMAT = "dwarf-with-dsym";
				ENABLE_NS_ASSERTIONS = NO;
				ENABLE_STRICT_OBJC_MSGSEND = YES;
				GCC_C_LANGUAGE_STANDARD = gnu11;
				GCC_NO_COMMON_BLOCKS = YES;
				GCC_WARN_64_TO_32_BIT_CONVERSION = YES;
				GCC_WARN_ABOUT_RETURN_TYPE = YES_ERROR;
				GCC_WARN_UNDECLARED_SELECTOR = YES;
				GCC_WARN_UNINITIALIZED_AUTOS = YES_AGGRESSIVE;
				GCC_WARN_UNUSED_FUNCTION = YES;
				GCC_WARN_UNUSED_VARIABLE = YES;
				MTL_ENABLE_DEBUG_INFO = NO;
				MTL_FAST_MATH = YES;
				SWIFT_COMPILATION_MODE = wholemodule;
				SWIFT_OPTIMIZATION_LEVEL = "-O";
			};
			name = Release;
		};
		B2931DB02CC5A65E006A29D2 /* Debug */ = {
			isa = XCBuildConfiguration;
			buildSettings = {
				ASSETCATALOG_COMPILER_APPICON_NAME = AppIcon;
				ASSETCATALOG_COMPILER_GLOBAL_ACCENT_COLOR_NAME = AccentColor;
				CODE_SIGN_ENTITLEMENTS = "Memory Vault/Memory_Vault.entitlements";
				CODE_SIGN_STYLE = Automatic;
				CURRENT_PROJECT_VERSION = 1;
				DEVELOPMENT_ASSET_PATHS = "\"Memory Vault/Preview Content\"";
				ENABLE_PREVIEWS = YES;
				GENERATE_INFOPLIST_FILE = YES;
				"INFOPLIST_KEY_UIApplicationSceneManifest_Generation[sdk=iphoneos*]" = YES;
				"INFOPLIST_KEY_UIApplicationSceneManifest_Generation[sdk=iphonesimulator*]" = YES;
				"INFOPLIST_KEY_UIApplicationSupportsIndirectInputEvents[sdk=iphoneos*]" = YES;
				"INFOPLIST_KEY_UIApplicationSupportsIndirectInputEvents[sdk=iphonesimulator*]" = YES;
				"INFOPLIST_KEY_UILaunchScreen_Generation[sdk=iphoneos*]" = YES;
				"INFOPLIST_KEY_UILaunchScreen_Generation[sdk=iphonesimulator*]" = YES;
				"INFOPLIST_KEY_UIStatusBarStyle[sdk=iphoneos*]" = UIStatusBarStyleDefault;
				"INFOPLIST_KEY_UIStatusBarStyle[sdk=iphonesimulator*]" = UIStatusBarStyleDefault;
				INFOPLIST_KEY_UISupportedInterfaceOrientations_iPad = "UIInterfaceOrientationPortrait UIInterfaceOrientationPortraitUpsideDown UIInterfaceOrientationLandscapeLeft UIInterfaceOrientationLandscapeRight";
				INFOPLIST_KEY_UISupportedInterfaceOrientations_iPhone = "UIInterfaceOrientationPortrait UIInterfaceOrientationLandscapeLeft UIInterfaceOrientationLandscapeRight";
				IPHONEOS_DEPLOYMENT_TARGET = 16.2;
				LD_RUNPATH_SEARCH_PATHS = "@executable_path/Frameworks";
				"LD_RUNPATH_SEARCH_PATHS[sdk=macosx*]" = "@executable_path/../Frameworks";
				MACOSX_DEPLOYMENT_TARGET = 12.6;
				MARKETING_VERSION = 1.0;
				PRODUCT_BUNDLE_IDENTIFIER = "sheCodes.Memory-Vault";
				PRODUCT_NAME = "$(TARGET_NAME)";
				SDKROOT = auto;
				SUPPORTED_PLATFORMS = "iphoneos iphonesimulator macosx";
				SWIFT_EMIT_LOC_STRINGS = YES;
				SWIFT_VERSION = 5.0;
				TARGETED_DEVICE_FAMILY = "1,2";
			};
			name = Debug;
		};
		B2931DB12CC5A65E006A29D2 /* Release */ = {
			isa = XCBuildConfiguration;
			buildSettings = {
				ASSETCATALOG_COMPILER_APPICON_NAME = AppIcon;
				ASSETCATALOG_COMPILER_GLOBAL_ACCENT_COLOR_NAME = AccentColor;
				CODE_SIGN_ENTITLEMENTS = "Memory Vault/Memory_Vault.entitlements";
				CODE_SIGN_STYLE = Automatic;
				CURRENT_PROJECT_VERSION = 1;
				DEVELOPMENT_ASSET_PATHS = "\"Memory Vault/Preview Content\"";
				ENABLE_PREVIEWS = YES;
				GENERATE_INFOPLIST_FILE = YES;
				"INFOPLIST_KEY_UIApplicationSceneManifest_Generation[sdk=iphoneos*]" = YES;
				"INFOPLIST_KEY_UIApplicationSceneManifest_Generation[sdk=iphonesimulator*]" = YES;
				"INFOPLIST_KEY_UIApplicationSupportsIndirectInputEvents[sdk=iphoneos*]" = YES;
				"INFOPLIST_KEY_UIApplicationSupportsIndirectInputEvents[sdk=iphonesimulator*]" = YES;
				"INFOPLIST_KEY_UILaunchScreen_Generation[sdk=iphoneos*]" = YES;
				"INFOPLIST_KEY_UILaunchScreen_Generation[sdk=iphonesimulator*]" = YES;
				"INFOPLIST_KEY_UIStatusBarStyle[sdk=iphoneos*]" = UIStatusBarStyleDefault;
				"INFOPLIST_KEY_UIStatusBarStyle[sdk=iphonesimulator*]" = UIStatusBarStyleDefault;
				INFOPLIST_KEY_UISupportedInterfaceOrientations_iPad = "UIInterfaceOrientationPortrait UIInterfaceOrientationPortraitUpsideDown UIInterfaceOrientationLandscapeLeft UIInterfaceOrientationLandscapeRight";
				INFOPLIST_KEY_UISupportedInterfaceOrientations_iPhone = "UIInterfaceOrientationPortrait UIInterfaceOrientationLandscapeLeft UIInterfaceOrientationLandscapeRight";
				IPHONEOS_DEPLOYMENT_TARGET = 16.2;
				LD_RUNPATH_SEARCH_PATHS = "@executable_path/Frameworks";
				"LD_RUNPATH_SEARCH_PATHS[sdk=macosx*]" = "@executable_path/../Frameworks";
				MACOSX_DEPLOYMENT_TARGET = 12.6;
				MARKETING_VERSION = 1.0;
				PRODUCT_BUNDLE_IDENTIFIER = "sheCodes.Memory-Vault";
				PRODUCT_NAME = "$(TARGET_NAME)";
				SDKROOT = auto;
				SUPPORTED_PLATFORMS = "iphoneos iphonesimulator macosx";
				SWIFT_EMIT_LOC_STRINGS = YES;
				SWIFT_VERSION = 5.0;
				TARGETED_DEVICE_FAMILY = "1,2";
			};
			name = Release;
		};
/* End XCBuildConfiguration section */

/* Begin XCConfigurationList section */
		B2931D9B2CC5A65B006A29D2 /* Build configuration list for PBXProject "Memory Vault" */ = {
			isa = XCConfigurationList;
			buildConfigurations = (
				B2931DAD2CC5A65E006A29D2 /* Debug */,
				B2931DAE2CC5A65E006A29D2 /* Release */,
			);
			defaultConfigurationIsVisible = 0;
			defaultConfigurationName = Release;
		};
		B2931DAF2CC5A65E006A29D2 /* Build configuration list for PBXNativeTarget "Memory Vault" */ = {
			isa = XCConfigurationList;
			buildConfigurations = (
				B2931DB02CC5A65E006A29D2 /* Debug */,
				B2931DB12CC5A65E006A29D2 /* Release */,
			);
			defaultConfigurationIsVisible = 0;
			defaultConfigurationName = Release;
		};
/* End XCConfigurationList section */
	};
	rootObject = B2931D982CC5A65B006A29D2 /* Project object */;
}
